
Microsoft Visual Studio Solution File, Format Version 12.00
# Visual Studio 15
VisualStudioVersion = 15.0.28307.705
MinimumVisualStudioVersion = 10.0.40219.1
Project("{FAE04EC0-301F-11D3-BF4B-00C04F79EFBC}") = "Services.Rest", "Portafolio.XXI.Backend\Services.Rest.csproj", "{7E7027B6-A1AF-4E8D-A963-C0A4934CD967}"
EndProject
Project("{2150E333-8FDC-42A3-9474-1A3956D46DE8}") = "1-Presentation", "1-Presentation", "{E69ACF05-23C5-4ADC-B776-19C08E92C86E}"
EndProject
Project("{2150E333-8FDC-42A3-9474-1A3956D46DE8}") = "2-Aplication", "2-Aplication", "{6C631B27-BC00-4244-B5EF-DF724885435D}"
EndProject
Project("{2150E333-8FDC-42A3-9474-1A3956D46DE8}") = "2.1-DTO", "2.1-DTO", "{5540CA6A-FB78-4AB5-940A-8C4A6C7B4A77}"
EndProject
Project("{2150E333-8FDC-42A3-9474-1A3956D46DE8}") = "2.2-Business", "2.2-Business", "{3B863CF7-5DEA-4FC4-8792-C22099B614C6}"
EndProject
Project("{FAE04EC0-301F-11D3-BF4B-00C04F79EFBC}") = "Portafolio.BL.Implementations", "Portafolio.BL.Implementations\Portafolio.BL.Implementations.csproj", "{AA81C866-6881-4B8C-92BE-06A98DABB4EB}"
EndProject
Project("{FAE04EC0-301F-11D3-BF4B-00C04F79EFBC}") = "Portafolio.BL.Contracts", "Portafolio.BL.Contracts\Portafolio.BL.Contracts.csproj", "{05CF9063-3666-4033-82CC-18EA2D94110C}"
EndProject
Project("{2150E333-8FDC-42A3-9474-1A3956D46DE8}") = "3-Infraestructure", "3-Infraestructure", "{EBF76C5C-DAA7-4DA0-A95F-E3B562D4B1B6}"
EndProject
Project("{FAE04EC0-301F-11D3-BF4B-00C04F79EFBC}") = "Portafolio.Infraestructure.Data.Implementation", "Portafolio.Infraestructure.Data.Implementation\Portafolio.Infraestructure.Data.Implementation.csproj", "{EEA6CA3C-5D69-4667-8FA0-61CBBC4A097A}"
EndProject
Project("{FAE04EC0-301F-11D3-BF4B-00C04F79EFBC}") = "Portafolio.Infraestructure.Data.Contracts", "Portafolio.Infraestructure.Data.Contracts\Portafolio.Infraestructure.Data.Contracts.csproj", "{B79AEFC5-FF0D-4E7A-9428-3DF6A8A1F4B2}"
EndProject
Project("{FAE04EC0-301F-11D3-BF4B-00C04F79EFBC}") = "Portafolio.Infraestructure.Data.HelperImpl", "Portafolio.Infraestructure.Data.HelperImpl\Portafolio.Infraestructure.Data.HelperImpl.csproj", "{8237524C-9B8E-498D-A929-13F69E575159}"
EndProject
Project("{FAE04EC0-301F-11D3-BF4B-00C04F79EFBC}") = "Portafolio.Infraestructure.Data.Helper", "Portafolio.Infraestructure.Data.Helper\Portafolio.Infraestructure.Data.Helper.csproj", "{F885835A-314C-4B44-A016-6E18753CEE01}"
EndProject
Project("{FAE04EC0-301F-11D3-BF4B-00C04F79EFBC}") = "Portafolio.Aplication.DTO", "Portafolio.Aplication.DTO\Portafolio.Aplication.DTO.csproj", "{2FC8E4F1-89C8-4D70-BF65-66D1A8E9F41B}"
EndProject
Global
	GlobalSection(SolutionConfigurationPlatforms) = preSolution
		Debug|Any CPU = Debug|Any CPU
		Debug|x86 = Debug|x86
		Release|Any CPU = Release|Any CPU
		Release|x86 = Release|x86
	EndGlobalSection
	GlobalSection(ProjectConfigurationPlatforms) = postSolution
		{7E7027B6-A1AF-4E8D-A963-C0A4934CD967}.Debug|Any CPU.ActiveCfg = Debug|Any CPU
		{7E7027B6-A1AF-4E8D-A963-C0A4934CD967}.Debug|Any CPU.Build.0 = Debug|Any CPU
		{7E7027B6-A1AF-4E8D-A963-C0A4934CD967}.Debug|x86.ActiveCfg = Debug|x86
		{7E7027B6-A1AF-4E8D-A963-C0A4934CD967}.Debug|x86.Build.0 = Debug|x86
		{7E7027B6-A1AF-4E8D-A963-C0A4934CD967}.Release|Any CPU.ActiveCfg = Debug|Any CPU
		{7E7027B6-A1AF-4E8D-A963-C0A4934CD967}.Release|Any CPU.Build.0 = Debug|Any CPU
		{7E7027B6-A1AF-4E8D-A963-C0A4934CD967}.Release|x86.ActiveCfg = Debug|x86
		{7E7027B6-A1AF-4E8D-A963-C0A4934CD967}.Release|x86.Build.0 = Debug|x86
		{AA81C866-6881-4B8C-92BE-06A98DABB4EB}.Debug|Any CPU.ActiveCfg = Debug|Any CPU
		{AA81C866-6881-4B8C-92BE-06A98DABB4EB}.Debug|Any CPU.Build.0 = Debug|Any CPU
		{AA81C866-6881-4B8C-92BE-06A98DABB4EB}.Debug|x86.ActiveCfg = Debug|x86
		{AA81C866-6881-4B8C-92BE-06A98DABB4EB}.Debug|x86.Build.0 = Debug|x86
		{AA81C866-6881-4B8C-92BE-06A98DABB4EB}.Release|Any CPU.ActiveCfg = Debug|Any CPU
		{AA81C866-6881-4B8C-92BE-06A98DABB4EB}.Release|Any CPU.Build.0 = Debug|Any CPU
		{AA81C866-6881-4B8C-92BE-06A98DABB4EB}.Release|x86.ActiveCfg = Debug|x86
		{AA81C866-6881-4B8C-92BE-06A98DABB4EB}.Release|x86.Build.0 = Debug|x86
		{05CF9063-3666-4033-82CC-18EA2D94110C}.Debug|Any CPU.ActiveCfg = Debug|Any CPU
		{05CF9063-3666-4033-82CC-18EA2D94110C}.Debug|Any CPU.Build.0 = Debug|Any CPU
		{05CF9063-3666-4033-82CC-18EA2D94110C}.Debug|x86.ActiveCfg = Debug|x86
		{05CF9063-3666-4033-82CC-18EA2D94110C}.Debug|x86.Build.0 = Debug|x86
		{05CF9063-3666-4033-82CC-18EA2D94110C}.Release|Any CPU.ActiveCfg = Debug|Any CPU
		{05CF9063-3666-4033-82CC-18EA2D94110C}.Release|Any CPU.Build.0 = Debug|Any CPU
		{05CF9063-3666-4033-82CC-18EA2D94110C}.Release|x86.ActiveCfg = Debug|x86
		{05CF9063-3666-4033-82CC-18EA2D94110C}.Release|x86.Build.0 = Debug|x86
		{EEA6CA3C-5D69-4667-8FA0-61CBBC4A097A}.Debug|Any CPU.ActiveCfg = Debug|Any CPU
		{EEA6CA3C-5D69-4667-8FA0-61CBBC4A097A}.Debug|Any CPU.Build.0 = Debug|Any CPU
		{EEA6CA3C-5D69-4667-8FA0-61CBBC4A097A}.Debug|x86.ActiveCfg = Debug|x86
		{EEA6CA3C-5D69-4667-8FA0-61CBBC4A097A}.Debug|x86.Build.0 = Debug|x86
		{EEA6CA3C-5D69-4667-8FA0-61CBBC4A097A}.Release|Any CPU.ActiveCfg = Debug|Any CPU
		{EEA6CA3C-5D69-4667-8FA0-61CBBC4A097A}.Release|Any CPU.Build.0 = Debug|Any CPU
		{EEA6CA3C-5D69-4667-8FA0-61CBBC4A097A}.Release|x86.ActiveCfg = Debug|x86
		{EEA6CA3C-5D69-4667-8FA0-61CBBC4A097A}.Release|x86.Build.0 = Debug|x86
		{B79AEFC5-FF0D-4E7A-9428-3DF6A8A1F4B2}.Debug|Any CPU.ActiveCfg = Debug|Any CPU
		{B79AEFC5-FF0D-4E7A-9428-3DF6A8A1F4B2}.Debug|Any CPU.Build.0 = Debug|Any CPU
		{B79AEFC5-FF0D-4E7A-9428-3DF6A8A1F4B2}.Debug|x86.ActiveCfg = Debug|x86
		{B79AEFC5-FF0D-4E7A-9428-3DF6A8A1F4B2}.Debug|x86.Build.0 = Debug|x86
		{B79AEFC5-FF0D-4E7A-9428-3DF6A8A1F4B2}.Release|Any CPU.ActiveCfg = Debug|Any CPU
		{B79AEFC5-FF0D-4E7A-9428-3DF6A8A1F4B2}.Release|Any CPU.Build.0 = Debug|Any CPU
		{B79AEFC5-FF0D-4E7A-9428-3DF6A8A1F4B2}.Release|x86.ActiveCfg = Debug|x86
		{B79AEFC5-FF0D-4E7A-9428-3DF6A8A1F4B2}.Release|x86.Build.0 = Debug|x86
		{8237524C-9B8E-498D-A929-13F69E575159}.Debug|Any CPU.ActiveCfg = Debug|Any CPU
		{8237524C-9B8E-498D-A929-13F69E575159}.Debug|Any CPU.Build.0 = Debug|Any CPU
		{8237524C-9B8E-498D-A929-13F69E575159}.Debug|x86.ActiveCfg = Debug|x86
		{8237524C-9B8E-498D-A929-13F69E575159}.Debug|x86.Build.0 = Debug|x86
		{8237524C-9B8E-498D-A929-13F69E575159}.Release|Any CPU.ActiveCfg = Debug|Any CPU
		{8237524C-9B8E-498D-A929-13F69E575159}.Release|Any CPU.Build.0 = Debug|Any CPU
		{8237524C-9B8E-498D-A929-13F69E575159}.Release|x86.ActiveCfg = Debug|x86
		{8237524C-9B8E-498D-A929-13F69E575159}.Release|x86.Build.0 = Debug|x86
		{F885835A-314C-4B44-A016-6E18753CEE01}.Debug|Any CPU.ActiveCfg = Debug|Any CPU
		{F885835A-314C-4B44-A016-6E18753CEE01}.Debug|Any CPU.Build.0 = Debug|Any CPU
		{F885835A-314C-4B44-A016-6E18753CEE01}.Debug|x86.ActiveCfg = Debug|x86
		{F885835A-314C-4B44-A016-6E18753CEE01}.Debug|x86.Build.0 = Debug|x86
		{F885835A-314C-4B44-A016-6E18753CEE01}.Release|Any CPU.ActiveCfg = Debug|Any CPU
		{F885835A-314C-4B44-A016-6E18753CEE01}.Release|Any CPU.Build.0 = Debug|Any CPU
		{F885835A-314C-4B44-A016-6E18753CEE01}.Release|x86.ActiveCfg = Debug|x86
		{F885835A-314C-4B44-A016-6E18753CEE01}.Release|x86.Build.0 = Debug|x86
		{2FC8E4F1-89C8-4D70-BF65-66D1A8E9F41B}.Debug|Any CPU.ActiveCfg = Debug|Any CPU
		{2FC8E4F1-89C8-4D70-BF65-66D1A8E9F41B}.Debug|Any CPU.Build.0 = Debug|Any CPU
		{2FC8E4F1-89C8-4D70-BF65-66D1A8E9F41B}.Debug|x86.ActiveCfg = Debug|x86
		{2FC8E4F1-89C8-4D70-BF65-66D1A8E9F41B}.Debug|x86.Build.0 = Debug|x86
		{2FC8E4F1-89C8-4D70-BF65-66D1A8E9F41B}.Release|Any CPU.ActiveCfg = Debug|Any CPU
		{2FC8E4F1-89C8-4D70-BF65-66D1A8E9F41B}.Release|Any CPU.Build.0 = Debug|Any CPU
		{2FC8E4F1-89C8-4D70-BF65-66D1A8E9F41B}.Release|x86.ActiveCfg = Debug|x86
		{2FC8E4F1-89C8-4D70-BF65-66D1A8E9F41B}.Release|x86.Build.0 = Debug|x86
	EndGlobalSection
	GlobalSection(SolutionProperties) = preSolution
		HideSolutionNode = FALSE
	EndGlobalSection
	GlobalSection(NestedProjects) = preSolution
		{7E7027B6-A1AF-4E8D-A963-C0A4934CD967} = {E69ACF05-23C5-4ADC-B776-19C08E92C86E}
		{5540CA6A-FB78-4AB5-940A-8C4A6C7B4A77} = {6C631B27-BC00-4244-B5EF-DF724885435D}
		{3B863CF7-5DEA-4FC4-8792-C22099B614C6} = {6C631B27-BC00-4244-B5EF-DF724885435D}
		{AA81C866-6881-4B8C-92BE-06A98DABB4EB} = {3B863CF7-5DEA-4FC4-8792-C22099B614C6}
		{05CF9063-3666-4033-82CC-18EA2D94110C} = {3B863CF7-5DEA-4FC4-8792-C22099B614C6}
		{EEA6CA3C-5D69-4667-8FA0-61CBBC4A097A} = {EBF76C5C-DAA7-4DA0-A95F-E3B562D4B1B6}
		{B79AEFC5-FF0D-4E7A-9428-3DF6A8A1F4B2} = {EBF76C5C-DAA7-4DA0-A95F-E3B562D4B1B6}
		{8237524C-9B8E-498D-A929-13F69E575159} = {EBF76C5C-DAA7-4DA0-A95F-E3B562D4B1B6}
		{F885835A-314C-4B44-A016-6E18753CEE01} = {EBF76C5C-DAA7-4DA0-A95F-E3B562D4B1B6}
		{2FC8E4F1-89C8-4D70-BF65-66D1A8E9F41B} = {5540CA6A-FB78-4AB5-940A-8C4A6C7B4A77}
	EndGlobalSection
	GlobalSection(ExtensibilityGlobals) = postSolution
		SolutionGuid = {905E9EF0-65D4-4556-AB9D-BF41D5AEDE75}
	EndGlobalSection
EndGlobal
