
Microsoft Visual Studio Solution File, Format Version 12.00
# Visual Studio Version 16
VisualStudioVersion = 16.0.29709.97
MinimumVisualStudioVersion = 10.0.40219.1
Project("{FAE04EC0-301F-11D3-BF4B-00C04F79EFBC}") = "Portafolio.XXI.Backend", "Portafolio.XXI.Backend.csproj", "{637AA1EB-341C-499A-973B-A099A33958D5}"
EndProject
Global
	GlobalSection(SolutionConfigurationPlatforms) = preSolution
		Debug|Any CPU = Debug|Any CPU
		Release|Any CPU = Release|Any CPU
	EndGlobalSection
	GlobalSection(ProjectConfigurationPlatforms) = postSolution
		{637AA1EB-341C-499A-973B-A099A33958D5}.Debug|Any CPU.ActiveCfg = Debug|Any CPU
		{637AA1EB-341C-499A-973B-A099A33958D5}.Debug|Any CPU.Build.0 = Debug|Any CPU
		{637AA1EB-341C-499A-973B-A099A33958D5}.Release|Any CPU.ActiveCfg = Release|Any CPU
		{637AA1EB-341C-499A-973B-A099A33958D5}.Release|Any CPU.Build.0 = Release|Any CPU
	EndGlobalSection
	GlobalSection(SolutionProperties) = preSolution
		HideSolutionNode = FALSE
	EndGlobalSection
	GlobalSection(ExtensibilityGlobals) = postSolution
		SolutionGuid = {D59A221D-FD86-4A7A-B31E-F1AC39C63448}
	EndGlobalSection
EndGlobal
